
Microsoft Visual Studio Solution File, Format Version 12.00
# Visual Studio Version 16
VisualStudioVersion = 16.0.31105.61
MinimumVisualStudioVersion = 10.0.40219.1
Project("{FAE04EC0-301F-11D3-BF4B-00C04F79EFBC}") = "Shape", "Shape\Shape.csproj", "{73F39E95-B22B-490A-BE38-80EAAFC72DBE}"
EndProject
Global
	GlobalSection(SolutionConfigurationPlatforms) = preSolution
		Debug|Any CPU = Debug|Any CPU
		Release|Any CPU = Release|Any CPU
	EndGlobalSection
	GlobalSection(ProjectConfigurationPlatforms) = postSolution
		{73F39E95-B22B-490A-BE38-80EAAFC72DBE}.Debug|Any CPU.ActiveCfg = Debug|Any CPU
		{73F39E95-B22B-490A-BE38-80EAAFC72DBE}.Debug|Any CPU.Build.0 = Debug|Any CPU
		{73F39E95-B22B-490A-BE38-80EAAFC72DBE}.Release|Any CPU.ActiveCfg = Release|Any CPU
		{73F39E95-B22B-490A-BE38-80EAAFC72DBE}.Release|Any CPU.Build.0 = Release|Any CPU
	EndGlobalSection
	GlobalSection(SolutionProperties) = preSolution
		HideSolutionNode = FALSE
	EndGlobalSection
	GlobalSection(ExtensibilityGlobals) = postSolution
		SolutionGuid = {77C0B9EC-4279-4D1B-AED3-BA4C30198412}
	EndGlobalSection
EndGlobal
