
Microsoft Visual Studio Solution File, Format Version 12.00
# Visual Studio Version 16
VisualStudioVersion = 16.0.31112.23
MinimumVisualStudioVersion = 10.0.40219.1
Project("{FAE04EC0-301F-11D3-BF4B-00C04F79EFBC}") = "OrderManage", "OrderManage\OrderManage.csproj", "{BC774F55-2D8E-4CFB-A6DB-D42F298BBB66}"
EndProject
Global
	GlobalSection(SolutionConfigurationPlatforms) = preSolution
		Debug|Any CPU = Debug|Any CPU
		Release|Any CPU = Release|Any CPU
	EndGlobalSection
	GlobalSection(ProjectConfigurationPlatforms) = postSolution
		{BC774F55-2D8E-4CFB-A6DB-D42F298BBB66}.Debug|Any CPU.ActiveCfg = Debug|Any CPU
		{BC774F55-2D8E-4CFB-A6DB-D42F298BBB66}.Debug|Any CPU.Build.0 = Debug|Any CPU
		{BC774F55-2D8E-4CFB-A6DB-D42F298BBB66}.Release|Any CPU.ActiveCfg = Release|Any CPU
		{BC774F55-2D8E-4CFB-A6DB-D42F298BBB66}.Release|Any CPU.Build.0 = Release|Any CPU
	EndGlobalSection
	GlobalSection(SolutionProperties) = preSolution
		HideSolutionNode = FALSE
	EndGlobalSection
	GlobalSection(ExtensibilityGlobals) = postSolution
		SolutionGuid = {A02C991A-BE05-4D4C-82F0-2B692D0983EB}
	EndGlobalSection
EndGlobal
