
Microsoft Visual Studio Solution File, Format Version 12.00
# Visual Studio Version 16
VisualStudioVersion = 16.0.31025.194
MinimumVisualStudioVersion = 10.0.40219.1
Project("{9A19103F-16F7-4668-BE54-9A1E7A4F7556}") = "calculator", "calculator\calculator.csproj", "{AF57AD55-0808-4173-8096-FDE150812CBC}"
EndProject
Project("{FAE04EC0-301F-11D3-BF4B-00C04F79EFBC}") = "SimpleCalculator", "SimpleCalculator\SimpleCalculator.csproj", "{FECACE76-1F3B-4782-A55D-B30AA3529B88}"
EndProject
Global
	GlobalSection(SolutionConfigurationPlatforms) = preSolution
		Debug|Any CPU = Debug|Any CPU
		Release|Any CPU = Release|Any CPU
	EndGlobalSection
	GlobalSection(ProjectConfigurationPlatforms) = postSolution
		{AF57AD55-0808-4173-8096-FDE150812CBC}.Debug|Any CPU.ActiveCfg = Debug|Any CPU
		{AF57AD55-0808-4173-8096-FDE150812CBC}.Debug|Any CPU.Build.0 = Debug|Any CPU
		{AF57AD55-0808-4173-8096-FDE150812CBC}.Release|Any CPU.ActiveCfg = Release|Any CPU
		{AF57AD55-0808-4173-8096-FDE150812CBC}.Release|Any CPU.Build.0 = Release|Any CPU
		{FECACE76-1F3B-4782-A55D-B30AA3529B88}.Debug|Any CPU.ActiveCfg = Debug|Any CPU
		{FECACE76-1F3B-4782-A55D-B30AA3529B88}.Debug|Any CPU.Build.0 = Debug|Any CPU
		{FECACE76-1F3B-4782-A55D-B30AA3529B88}.Release|Any CPU.ActiveCfg = Release|Any CPU
		{FECACE76-1F3B-4782-A55D-B30AA3529B88}.Release|Any CPU.Build.0 = Release|Any CPU
	EndGlobalSection
	GlobalSection(SolutionProperties) = preSolution
		HideSolutionNode = FALSE
	EndGlobalSection
	GlobalSection(ExtensibilityGlobals) = postSolution
		SolutionGuid = {145F8778-C6D7-4439-9781-76B52F3DD1CA}
	EndGlobalSection
EndGlobal
