
Microsoft Visual Studio Solution File, Format Version 12.00
# Visual Studio Version 16
VisualStudioVersion = 16.0.31205.134
MinimumVisualStudioVersion = 10.0.40219.1
Project("{FAE04EC0-301F-11D3-BF4B-00C04F79EFBC}") = "InternetWorm", "InternetWorm\InternetWorm.csproj", "{18344C3D-83C8-483E-BCA1-3967AB150989}"
EndProject
Global
	GlobalSection(SolutionConfigurationPlatforms) = preSolution
		Debug|Any CPU = Debug|Any CPU
		Release|Any CPU = Release|Any CPU
	EndGlobalSection
	GlobalSection(ProjectConfigurationPlatforms) = postSolution
		{18344C3D-83C8-483E-BCA1-3967AB150989}.Debug|Any CPU.ActiveCfg = Debug|Any CPU
		{18344C3D-83C8-483E-BCA1-3967AB150989}.Debug|Any CPU.Build.0 = Debug|Any CPU
		{18344C3D-83C8-483E-BCA1-3967AB150989}.Release|Any CPU.ActiveCfg = Release|Any CPU
		{18344C3D-83C8-483E-BCA1-3967AB150989}.Release|Any CPU.Build.0 = Release|Any CPU
	EndGlobalSection
	GlobalSection(SolutionProperties) = preSolution
		HideSolutionNode = FALSE
	EndGlobalSection
	GlobalSection(ExtensibilityGlobals) = postSolution
		SolutionGuid = {1BAA9012-6C72-4525-83F0-6963E20025E7}
	EndGlobalSection
EndGlobal
